github.com/usernameNiD4niel/go-lang v0.0.0-20240911030202-4475127d8729 h1:QuRgWvuVbAMzAPYSSSxS69V7Uij6ceth+QWNYif10iI=
github.com/usernameNiD4niel/go-lang v0.0.0-20240911030202-4475127d8729/go.mod h1:+yZqGAjLdvUSoTWi7H6xfvxl6WqTtQr3I+KZcBLSFGU=
github.com/usernameNiD4niel/go-lang v0.0.0-20240911051057-4f2d3655c03c h1:jz5Cy6a2F+oFaOrIayXF/eADxYJMAhbWRNVtw3m1JMk=
github.com/usernameNiD4niel/go-lang v0.0.0-20240911051057-4f2d3655c03c/go.mod h1:ZiVBmW/D/nV2+ftVFBDuw3978tiSQOjydCREpKJisQg=
